Microsoft Visual Studio Solution File, Format Version 12.00
# Visual Studio Version 17
VisualStudioVersion = 17.0.31717.71
MinimumVisualStudioVersion = 10.0.40219.1
Project("{9A19103F-16F7-4668-BE54-9A1E7A4F7556}") = "BeersBlazor", "BeersBlazor.csproj", "{4A89D061-51A6-401D-B0DE-E6AA1320361C}"
EndProject
Global
	GlobalSection(SolutionConfigurationPlatforms) = preSolution
		Debug|Any CPU = Debug|Any CPU
		Release|Any CPU = Release|Any CPU
	EndGlobalSection
	GlobalSection(ProjectConfigurationPlatforms) = postSolution
		{4A89D061-51A6-401D-B0DE-E6AA1320361C}.Debug|Any CPU.ActiveCfg = Debug|Any CPU
		{4A89D061-51A6-401D-B0DE-E6AA1320361C}.Debug|Any CPU.Build.0 = Debug|Any CPU
		{4A89D061-51A6-401D-B0DE-E6AA1320361C}.Release|Any CPU.ActiveCfg = Release|Any CPU
		{4A89D061-51A6-401D-B0DE-E6AA1320361C}.Release|Any CPU.Build.0 = Release|Any CPU
	EndGlobalSection
	GlobalSection(SolutionProperties) = preSolution
		HideSolutionNode = FALSE
	EndGlobalSection
	GlobalSection(ExtensibilityGlobals) = postSolution
		SolutionGuid = {44AC5495-28D8-4248-9255-3909346D9ABC}
	EndGlobalSection
EndGlobal
